// !$*UTF8*$!
{
	archiveVersion = 1;
	classes = {
	};
	objectVersion = 50;
	objects = {

/* Begin PBXBuildFile section */
		0412468F22E53A9A00541DD9 /* AppDelegate.m in Sources */ = {isa = PBXBuildFile; fileRef = 0412468E22E53A9A00541DD9 /* AppDelegate.m */; };
		0412469522E53A9A00541DD9 /* Main.storyboard in Resources */ = {isa = PBXBuildFile; fileRef = 0412469322E53A9A00541DD9 /* Main.storyboard */; };
		0412469722E53A9C00541DD9 /* Assets.xcassets in Resources */ = {isa = PBXBuildFile; fileRef = 0412469622E53A9C00541DD9 /* Assets.xcassets */; };
		0412469A22E53A9C00541DD9 /* LaunchScreen.storyboard in Resources */ = {isa = PBXBuildFile; fileRef = 0412469822E53A9C00541DD9 /* LaunchScreen.storyboard */; };
		0412469D22E53A9C00541DD9 /* main.m in Sources */ = {isa = PBXBuildFile; fileRef = 0412469C22E53A9C00541DD9 /* main.m */; };
		041246A722E53A9C00541DD9 /* JSBridgeiOSTests.m in Sources */ = {isa = PBXBuildFile; fileRef = 041246A622E53A9C00541DD9 /* JSBridgeiOSTests.m */; };
		041246B222E53A9C00541DD9 /* JSBridgeiOSUITests.m in Sources */ = {isa = PBXBuildFile; fileRef = 041246B122E53A9C00541DD9 /* JSBridgeiOSUITests.m */; };
		04385C0223588D540004B11E /* new-io.html in Resources */ = {isa = PBXBuildFile; fileRef = 04385C0123588D540004B11E /* new-io.html */; };
		04385C07235894200004B11E /* JSBWebviewBackModel.m in Sources */ = {isa = PBXBuildFile; fileRef = 04385C06235894200004B11E /* JSBWebviewBackModel.m */; };
		04385C112358E2690004B11E /* JSBDownloadManager.m in Sources */ = {isa = PBXBuildFile; fileRef = 04385C102358E2690004B11E /* JSBDownloadManager.m */; };
		04385C142358E2840004B11E /* JSBDownloadProcessModel.m in Sources */ = {isa = PBXBuildFile; fileRef = 04385C132358E2840004B11E /* JSBDownloadProcessModel.m */; };
		04385C1723596FED0004B11E /* JSBDownloadBaseModel.m in Sources */ = {isa = PBXBuildFile; fileRef = 04385C1623596FED0004B11E /* JSBDownloadBaseModel.m */; };
		04385C1A235973F80004B11E /* JSBDownloadPlistModel.m in Sources */ = {isa = PBXBuildFile; fileRef = 04385C19235973F80004B11E /* JSBDownloadPlistModel.m */; };
		04385C1D235974190004B11E /* JSBDownloadBackModel.m in Sources */ = {isa = PBXBuildFile; fileRef = 04385C1C235974190004B11E /* JSBDownloadBackModel.m */; };
		043CF8C022F2E16D001D2800 /* JSBBackModalModel.m in Sources */ = {isa = PBXBuildFile; fileRef = 043CF8BF22F2E16D001D2800 /* JSBBackModalModel.m */; };
		04564D1A22F03CA00079F3F9 /* JSBBaseView.m in Sources */ = {isa = PBXBuildFile; fileRef = 04564D1922F03CA00079F3F9 /* JSBBaseView.m */; };
		04564D1E22F03E000079F3F9 /* UIColor+Tool.m in Sources */ = {isa = PBXBuildFile; fileRef = 04564D1D22F03E000079F3F9 /* UIColor+Tool.m */; };
		04564D2122F03F890079F3F9 /* JSBViewController.m in Sources */ = {isa = PBXBuildFile; fileRef = 04564D2022F03F890079F3F9 /* JSBViewController.m */; };
		04564D2522F060320079F3F9 /* JSBRequestModalModel.m in Sources */ = {isa = PBXBuildFile; fileRef = 04564D2422F060320079F3F9 /* JSBRequestModalModel.m */; };
		04564D2B22F060650079F3F9 /* JSBModalView.m in Sources */ = {isa = PBXBuildFile; fileRef = 04564D2A22F060650079F3F9 /* JSBModalView.m */; };
		047185E422E88D6700733391 /* JSBBaseModel.m in Sources */ = {isa = PBXBuildFile; fileRef = 047185E322E88D6700733391 /* JSBBaseModel.m */; };
		04C71EBF2360662800A69F5B /* NSDictionary+Tool.m in Sources */ = {isa = PBXBuildFile; fileRef = 04C71EBE2360662800A69F5B /* NSDictionary+Tool.m */; };
		CBA775144FEC72E1B15AC6FC /* libPods-JSBridgeiOS.a in Frameworks */ = {isa = PBXBuildFile; fileRef = 29D6305A6DAA6E98CAD73270 /* libPods-JSBridgeiOS.a */; };
		D60057E9237964130016CA37 /* JSBModulesFactory.m in Sources */ = {isa = PBXBuildFile; fileRef = D60057E8237964130016CA37 /* JSBModulesFactory.m */; };
		D60057EC237967970016CA37 /* JSBBaseModule.m in Sources */ = {isa = PBXBuildFile; fileRef = D60057EB237967970016CA37 /* JSBBaseModule.m */; };
		D60057EE23799E850016CA37 /* ModuleName.plist in Resources */ = {isa = PBXBuildFile; fileRef = D60057ED23799E850016CA37 /* ModuleName.plist */; };
		D6AEDCEF22F071BC00053729 /* JSBSystemInfoUtil.m in Sources */ = {isa = PBXBuildFile; fileRef = D6AEDCED22F071BC00053729 /* JSBSystemInfoUtil.m */; };
		D6AEDCF122F073D900053729 /* CoreLocation.framework in Frameworks */ = {isa = PBXBuildFile; fileRef = D6AEDCF022F073D900053729 /* CoreLocation.framework */; };
		D6AEDCF322F073E600053729 /* CoreBluetooth.framework in Frameworks */ = {isa = PBXBuildFile; fileRef = D6AEDCF222F073E600053729 /* CoreBluetooth.framework */; };
		D6AEDCFC22F075A800053729 /* JSBBackSystemInfoModel.m in Sources */ = {isa = PBXBuildFile; fileRef = D6AEDCFB22F075A800053729 /* JSBBackSystemInfoModel.m */; };
		D6AEDCFF22F078BC00053729 /* JSBRequestSystemInfoModel.m in Sources */ = {isa = PBXBuildFile; fileRef = D6AEDCFE22F078BC00053729 /* JSBRequestSystemInfoModel.m */; };
/* End PBXBuildFile section */

/* Begin PBXContainerItemProxy section */
		041246A322E53A9C00541DD9 /* PBXContainerItemProxy */ = {
			isa = PBXContainerItemProxy;
			containerPortal = 0412468222E53A9A00541DD9 /* Project object */;
			proxyType = 1;
			remoteGlobalIDString = 0412468922E53A9A00541DD9;
			remoteInfo = JSBridgeiOS;
		};
		041246AE22E53A9C00541DD9 /* PBXContainerItemProxy */ = {
			isa = PBXContainerItemProxy;
			containerPortal = 0412468222E53A9A00541DD9 /* Project object */;
			proxyType = 1;
			remoteGlobalIDString = 0412468922E53A9A00541DD9;
			remoteInfo = JSBridgeiOS;
		};
/* End PBXContainerItemProxy section */

/* Begin PBXFileReference section */
		0404653022EEDCAD00E3B6B3 /* PrefixHeader.pch */ = {isa = PBXFileReference; lastKnownFileType = sourcecode.c.h; path = PrefixHeader.pch; sourceTree = "<group>"; };
		0412468A22E53A9A00541DD9 /* JSBridgeiOS.app */ = {isa = PBXFileReference; explicitFileType = wrapper.application; includeInIndex = 0; path = JSBridgeiOS.app; sourceTree = BUILT_PRODUCTS_DIR; };
		0412468D22E53A9A00541DD9 /* AppDelegate.h */ = {isa = PBXFileReference; lastKnownFileType = sourcecode.c.h; path = AppDelegate.h; sourceTree = "<group>"; };
		0412468E22E53A9A00541DD9 /* AppDelegate.m */ = {isa = PBXFileReference; lastKnownFileType = sourcecode.c.objc; path = AppDelegate.m; sourceTree = "<group>"; };
		0412469422E53A9A00541DD9 /* Base */ = {isa = PBXFileReference; lastKnownFileType = file.storyboard; name = Base; path = Base.lproj/Main.storyboard; sourceTree = "<group>"; };
		0412469622E53A9C00541DD9 /* Assets.xcassets */ = {isa = PBXFileReference; lastKnownFileType = folder.assetcatalog; path = Assets.xcassets; sourceTree = "<group>"; };
		0412469922E53A9C00541DD9 /* Base */ = {isa = PBXFileReference; lastKnownFileType = file.storyboard; name = Base; path = Base.lproj/LaunchScreen.storyboard; sourceTree = "<group>"; };
		0412469B22E53A9C00541DD9 /* Info.plist */ = {isa = PBXFileReference; lastKnownFileType = text.plist.xml; path = Info.plist; sourceTree = "<group>"; };
		0412469C22E53A9C00541DD9 /* main.m */ = {isa = PBXFileReference; lastKnownFileType = sourcecode.c.objc; path = main.m; sourceTree = "<group>"; };
		041246A222E53A9C00541DD9 /* JSBridgeiOSTests.xctest */ = {isa = PBXFileReference; explicitFileType = wrapper.cfbundle; includeInIndex = 0; path = JSBridgeiOSTests.xctest; sourceTree = BUILT_PRODUCTS_DIR; };
		041246A622E53A9C00541DD9 /* JSBridgeiOSTests.m */ = {isa = PBXFileReference; lastKnownFileType = sourcecode.c.objc; path = JSBridgeiOSTests.m; sourceTree = "<group>"; };
		041246A822E53A9C00541DD9 /* Info.plist */ = {isa = PBXFileReference; lastKnownFileType = text.plist.xml; path = Info.plist; sourceTree = "<group>"; };
		041246AD22E53A9C00541DD9 /* JSBridgeiOSUITests.xctest */ = {isa = PBXFileReference; explicitFileType = wrapper.cfbundle; includeInIndex = 0; path = JSBridgeiOSUITests.xctest; sourceTree = BUILT_PRODUCTS_DIR; };
		041246B122E53A9C00541DD9 /* JSBridgeiOSUITests.m */ = {isa = PBXFileReference; lastKnownFileType = sourcecode.c.objc; path = JSBridgeiOSUITests.m; sourceTree = "<group>"; };
		041246B322E53A9C00541DD9 /* Info.plist */ = {isa = PBXFileReference; lastKnownFileType = text.plist.xml; path = Info.plist; sourceTree = "<group>"; };
		04385C0123588D540004B11E /* new-io.html */ = {isa = PBXFileReference; fileEncoding = 4; lastKnownFileType = text.html; path = "new-io.html"; sourceTree = "<group>"; };
		04385C05235894200004B11E /* JSBWebviewBackModel.h */ = {isa = PBXFileReference; lastKnownFileType = sourcecode.c.h; path = JSBWebviewBackModel.h; sourceTree = "<group>"; };
		04385C06235894200004B11E /* JSBWebviewBackModel.m */ = {isa = PBXFileReference; lastKnownFileType = sourcecode.c.objc; path = JSBWebviewBackModel.m; sourceTree = "<group>"; };
		04385C08235894920004B11E /* JSBViewControllerHeader.h */ = {isa = PBXFileReference; lastKnownFileType = sourcecode.c.h; path = JSBViewControllerHeader.h; sourceTree = "<group>"; };
		04385C0E2358E2530004B11E /* JSBDownloadManagerHeader.h */ = {isa = PBXFileReference; lastKnownFileType = sourcecode.c.h; path = JSBDownloadManagerHeader.h; sourceTree = "<group>"; };
		04385C0F2358E2690004B11E /* JSBDownloadManager.h */ = {isa = PBXFileReference; lastKnownFileType = sourcecode.c.h; path = JSBDownloadManager.h; sourceTree = "<group>"; };
		04385C102358E2690004B11E /* JSBDownloadManager.m */ = {isa = PBXFileReference; lastKnownFileType = sourcecode.c.objc; path = JSBDownloadManager.m; sourceTree = "<group>"; };
		04385C122358E2840004B11E /* JSBDownloadProcessModel.h */ = {isa = PBXFileReference; lastKnownFileType = sourcecode.c.h; path = JSBDownloadProcessModel.h; sourceTree = "<group>"; };
		04385C132358E2840004B11E /* JSBDownloadProcessModel.m */ = {isa = PBXFileReference; lastKnownFileType = sourcecode.c.objc; path = JSBDownloadProcessModel.m; sourceTree = "<group>"; };
		04385C1523596FED0004B11E /* JSBDownloadBaseModel.h */ = {isa = PBXFileReference; lastKnownFileType = sourcecode.c.h; path = JSBDownloadBaseModel.h; sourceTree = "<group>"; };
		04385C1623596FED0004B11E /* JSBDownloadBaseModel.m */ = {isa = PBXFileReference; lastKnownFileType = sourcecode.c.objc; path = JSBDownloadBaseModel.m; sourceTree = "<group>"; };
		04385C18235973F80004B11E /* JSBDownloadPlistModel.h */ = {isa = PBXFileReference; lastKnownFileType = sourcecode.c.h; path = JSBDownloadPlistModel.h; sourceTree = "<group>"; };
		04385C19235973F80004B11E /* JSBDownloadPlistModel.m */ = {isa = PBXFileReference; lastKnownFileType = sourcecode.c.objc; path = JSBDownloadPlistModel.m; sourceTree = "<group>"; };
		04385C1B235974190004B11E /* JSBDownloadBackModel.h */ = {isa = PBXFileReference; lastKnownFileType = sourcecode.c.h; path = JSBDownloadBackModel.h; sourceTree = "<group>"; };
		04385C1C235974190004B11E /* JSBDownloadBackModel.m */ = {isa = PBXFileReference; lastKnownFileType = sourcecode.c.objc; path = JSBDownloadBackModel.m; sourceTree = "<group>"; };
		043CF8BE22F2E16D001D2800 /* JSBBackModalModel.h */ = {isa = PBXFileReference; lastKnownFileType = sourcecode.c.h; path = JSBBackModalModel.h; sourceTree = "<group>"; };
		043CF8BF22F2E16D001D2800 /* JSBBackModalModel.m */ = {isa = PBXFileReference; lastKnownFileType = sourcecode.c.objc; path = JSBBackModalModel.m; sourceTree = "<group>"; };
		04564D1822F03CA00079F3F9 /* JSBBaseView.h */ = {isa = PBXFileReference; lastKnownFileType = sourcecode.c.h; path = JSBBaseView.h; sourceTree = "<group>"; };
		04564D1922F03CA00079F3F9 /* JSBBaseView.m */ = {isa = PBXFileReference; lastKnownFileType = sourcecode.c.objc; path = JSBBaseView.m; sourceTree = "<group>"; };
		04564D1C22F03E000079F3F9 /* UIColor+Tool.h */ = {isa = PBXFileReference; lastKnownFileType = sourcecode.c.h; path = "UIColor+Tool.h"; sourceTree = "<group>"; };
		04564D1D22F03E000079F3F9 /* UIColor+Tool.m */ = {isa = PBXFileReference; lastKnownFileType = sourcecode.c.objc; path = "UIColor+Tool.m"; sourceTree = "<group>"; };
		04564D1F22F03F890079F3F9 /* JSBViewController.h */ = {isa = PBXFileReference; lastKnownFileType = sourcecode.c.h; path = JSBViewController.h; sourceTree = "<group>"; };
		04564D2022F03F890079F3F9 /* JSBViewController.m */ = {isa = PBXFileReference; lastKnownFileType = sourcecode.c.objc; path = JSBViewController.m; sourceTree = "<group>"; };
		04564D2322F060320079F3F9 /* JSBRequestModalModel.h */ = {isa = PBXFileReference; lastKnownFileType = sourcecode.c.h; path = JSBRequestModalModel.h; sourceTree = "<group>"; };
		04564D2422F060320079F3F9 /* JSBRequestModalModel.m */ = {isa = PBXFileReference; lastKnownFileType = sourcecode.c.objc; path = JSBRequestModalModel.m; sourceTree = "<group>"; };
		04564D2922F060650079F3F9 /* JSBModalView.h */ = {isa = PBXFileReference; lastKnownFileType = sourcecode.c.h; path = JSBModalView.h; sourceTree = "<group>"; };
		04564D2A22F060650079F3F9 /* JSBModalView.m */ = {isa = PBXFileReference; lastKnownFileType = sourcecode.c.objc; path = JSBModalView.m; sourceTree = "<group>"; };
		047185E222E88D6700733391 /* JSBBaseModel.h */ = {isa = PBXFileReference; lastKnownFileType = sourcecode.c.h; path = JSBBaseModel.h; sourceTree = "<group>"; };
		047185E322E88D6700733391 /* JSBBaseModel.m */ = {isa = PBXFileReference; lastKnownFileType = sourcecode.c.objc; path = JSBBaseModel.m; sourceTree = "<group>"; };
		04C71EBD2360662800A69F5B /* NSDictionary+Tool.h */ = {isa = PBXFileReference; lastKnownFileType = sourcecode.c.h; path = "NSDictionary+Tool.h"; sourceTree = "<group>"; };
		04C71EBE2360662800A69F5B /* NSDictionary+Tool.m */ = {isa = PBXFileReference; lastKnownFileType = sourcecode.c.objc; path = "NSDictionary+Tool.m"; sourceTree = "<group>"; };
		29D6305A6DAA6E98CAD73270 /* libPods-JSBridgeiOS.a */ = {isa = PBXFileReference; explicitFileType = archive.ar; includeInIndex = 0; path = "libPods-JSBridgeiOS.a"; sourceTree = BUILT_PRODUCTS_DIR; };
		41BDD978912E69643F90202C /* Pods-JSBridgeiOS.debug.xcconfig */ = {isa = PBXFileReference; includeInIndex = 1; lastKnownFileType = text.xcconfig; name = "Pods-JSBridgeiOS.debug.xcconfig"; path = "Pods/Target Support Files/Pods-JSBridgeiOS/Pods-JSBridgeiOS.debug.xcconfig"; sourceTree = "<group>"; };
		42514D03A02F8BEB1D5919D7 /* Pods-JSBridgeiOS.release.xcconfig */ = {isa = PBXFileReference; includeInIndex = 1; lastKnownFileType = text.xcconfig; name = "Pods-JSBridgeiOS.release.xcconfig"; path = "Pods/Target Support Files/Pods-JSBridgeiOS/Pods-JSBridgeiOS.release.xcconfig"; sourceTree = "<group>"; };
		D60057E7237964130016CA37 /* JSBModulesFactory.h */ = {isa = PBXFileReference; lastKnownFileType = sourcecode.c.h; path = JSBModulesFactory.h; sourceTree = "<group>"; };
		D60057E8237964130016CA37 /* JSBModulesFactory.m */ = {isa = PBXFileReference; lastKnownFileType = sourcecode.c.objc; path = JSBModulesFactory.m; sourceTree = "<group>"; };
		D60057EA237967970016CA37 /* JSBBaseModule.h */ = {isa = PBXFileReference; lastKnownFileType = sourcecode.c.h; path = JSBBaseModule.h; sourceTree = "<group>"; };
		D60057EB237967970016CA37 /* JSBBaseModule.m */ = {isa = PBXFileReference; lastKnownFileType = sourcecode.c.objc; path = JSBBaseModule.m; sourceTree = "<group>"; };
		D60057ED23799E850016CA37 /* ModuleName.plist */ = {isa = PBXFileReference; lastKnownFileType = text.plist.xml; path = ModuleName.plist; sourceTree = "<group>"; };
		D6AEDCED22F071BC00053729 /* JSBSystemInfoUtil.m */ = {isa = PBXFileReference; fileEncoding = 4; lastKnownFileType = sourcecode.c.objc; path = JSBSystemInfoUtil.m; sourceTree = "<group>"; };
		D6AEDCEE22F071BC00053729 /* JSBSystemInfoUtil.h */ = {isa = PBXFileReference; fileEncoding = 4; lastKnownFileType = sourcecode.c.h; path = JSBSystemInfoUtil.h; sourceTree = "<group>"; };
		D6AEDCF022F073D900053729 /* CoreLocation.framework */ = {isa = PBXFileReference; lastKnownFileType = wrapper.framework; name = CoreLocation.framework; path = System/Library/Frameworks/CoreLocation.framework; sourceTree = SDKROOT; };
		D6AEDCF222F073E600053729 /* CoreBluetooth.framework */ = {isa = PBXFileReference; lastKnownFileType = wrapper.framework; name = CoreBluetooth.framework; path = System/Library/Frameworks/CoreBluetooth.framework; sourceTree = SDKROOT; };
		D6AEDCFA22F075A800053729 /* JSBBackSystemInfoModel.h */ = {isa = PBXFileReference; lastKnownFileType = sourcecode.c.h; path = JSBBackSystemInfoModel.h; sourceTree = "<group>"; };
		D6AEDCFB22F075A800053729 /* JSBBackSystemInfoModel.m */ = {isa = PBXFileReference; lastKnownFileType = sourcecode.c.objc; path = JSBBackSystemInfoModel.m; sourceTree = "<group>"; };
		D6AEDCFD22F078BC00053729 /* JSBRequestSystemInfoModel.h */ = {isa = PBXFileReference; lastKnownFileType = sourcecode.c.h; path = JSBRequestSystemInfoModel.h; sourceTree = "<group>"; };
		D6AEDCFE22F078BC00053729 /* JSBRequestSystemInfoModel.m */ = {isa = PBXFileReference; lastKnownFileType = sourcecode.c.objc; path = JSBRequestSystemInfoModel.m; sourceTree = "<group>"; };
/* End PBXFileReference section */

/* Begin PBXFrameworksBuildPhase section */
		0412468722E53A9A00541DD9 /* Frameworks */ = {
			isa = PBXFrameworksBuildPhase;
			buildActionMask = 2147483647;
			files = (
				D6AEDCF322F073E600053729 /* CoreBluetooth.framework in Frameworks */,
				D6AEDCF122F073D900053729 /* CoreLocation.framework in Frameworks */,
				CBA775144FEC72E1B15AC6FC /* libPods-JSBridgeiOS.a in Frameworks */,
			);
			runOnlyForDeploymentPostprocessing = 0;
		};
		0412469F22E53A9C00541DD9 /* Frameworks */ = {
			isa = PBXFrameworksBuildPhase;
			buildActionMask = 2147483647;
			files = (
			);
			runOnlyForDeploymentPostprocessing = 0;
		};
		041246AA22E53A9C00541DD9 /* Frameworks */ = {
			isa = PBXFrameworksBuildPhase;
			buildActionMask = 2147483647;
			files = (
			);
			runOnlyForDeploymentPostprocessing = 0;
		};
/* End PBXFrameworksBuildPhase section */

/* Begin PBXGroup section */
		0412468122E53A9A00541DD9 = {
			isa = PBXGroup;
			children = (
				0412468C22E53A9A00541DD9 /* JSBridgeiOS */,
				041246A522E53A9C00541DD9 /* JSBridgeiOSTests */,
				041246B022E53A9C00541DD9 /* JSBridgeiOSUITests */,
				0412468B22E53A9A00541DD9 /* Products */,
				D1D073F0E52E786E03A51CFA /* Pods */,
				218D182B0B8EDEB21F668F3D /* Frameworks */,
			);
			sourceTree = "<group>";
		};
		0412468B22E53A9A00541DD9 /* Products */ = {
			isa = PBXGroup;
			children = (
				0412468A22E53A9A00541DD9 /* JSBridgeiOS.app */,
				041246A222E53A9C00541DD9 /* JSBridgeiOSTests.xctest */,
				041246AD22E53A9C00541DD9 /* JSBridgeiOSUITests.xctest */,
			);
			name = Products;
			sourceTree = "<group>";
		};
		0412468C22E53A9A00541DD9 /* JSBridgeiOS */ = {
			isa = PBXGroup;
			children = (
				D60057ED23799E850016CA37 /* ModuleName.plist */,
				0412469B22E53A9C00541DD9 /* Info.plist */,
				D60057E7237964130016CA37 /* JSBModulesFactory.h */,
				D60057E8237964130016CA37 /* JSBModulesFactory.m */,
				04385C08235894920004B11E /* JSBViewControllerHeader.h */,
				04564D1F22F03F890079F3F9 /* JSBViewController.h */,
				04564D2022F03F890079F3F9 /* JSBViewController.m */,
				D6AEDCE822F0709C00053729 /* modules */,
				04564D1B22F03DBA0079F3F9 /* Utils */,
				04564D1122F03ADE0079F3F9 /* SupportFiles */,
				047185E522E88EAA00733391 /* Base */,
				04385C0023588D2D0004B11E /* Source */,
			);
			path = JSBridgeiOS;
			sourceTree = "<group>";
		};
		041246A522E53A9C00541DD9 /* JSBridgeiOSTests */ = {
			isa = PBXGroup;
			children = (
				041246A622E53A9C00541DD9 /* JSBridgeiOSTests.m */,
				041246A822E53A9C00541DD9 /* Info.plist */,
			);
			path = JSBridgeiOSTests;
			sourceTree = "<group>";
		};
		041246B022E53A9C00541DD9 /* JSBridgeiOSUITests */ = {
			isa = PBXGroup;
			children = (
				041246B122E53A9C00541DD9 /* JSBridgeiOSUITests.m */,
				041246B322E53A9C00541DD9 /* Info.plist */,
			);
			path = JSBridgeiOSUITests;
			sourceTree = "<group>";
		};
		04385C0023588D2D0004B11E /* Source */ = {
			isa = PBXGroup;
			children = (
				04385C0123588D540004B11E /* new-io.html */,
			);
			path = Source;
			sourceTree = "<group>";
		};
		04385C03235893A00004B11E /* webviewBack */ = {
			isa = PBXGroup;
			children = (
				04385C05235894200004B11E /* JSBWebviewBackModel.h */,
				04385C06235894200004B11E /* JSBWebviewBackModel.m */,
			);
			path = webviewBack;
			sourceTree = "<group>";
		};
		04385C092358E14E0004B11E /* downloadModule */ = {
			isa = PBXGroup;
			children = (
				04385C1E2359743B0004B11E /* Manager */,
				04385C1F235974420004B11E /* Model */,
			);
			path = downloadModule;
			sourceTree = "<group>";
		};
		04385C1E2359743B0004B11E /* Manager */ = {
			isa = PBXGroup;
			children = (
				04385C0E2358E2530004B11E /* JSBDownloadManagerHeader.h */,
				04385C0F2358E2690004B11E /* JSBDownloadManager.h */,
				04385C102358E2690004B11E /* JSBDownloadManager.m */,
			);
			path = Manager;
			sourceTree = "<group>";
		};
		04385C1F235974420004B11E /* Model */ = {
			isa = PBXGroup;
			children = (
				04385C18235973F80004B11E /* JSBDownloadPlistModel.h */,
				04385C19235973F80004B11E /* JSBDownloadPlistModel.m */,
				04385C1B235974190004B11E /* JSBDownloadBackModel.h */,
				04385C1C235974190004B11E /* JSBDownloadBackModel.m */,
				04385C122358E2840004B11E /* JSBDownloadProcessModel.h */,
				04385C132358E2840004B11E /* JSBDownloadProcessModel.m */,
			);
			path = Model;
			sourceTree = "<group>";
		};
		04564D1122F03ADE0079F3F9 /* SupportFiles */ = {
			isa = PBXGroup;
			children = (
				0412468D22E53A9A00541DD9 /* AppDelegate.h */,
				0412468E22E53A9A00541DD9 /* AppDelegate.m */,
				0412469322E53A9A00541DD9 /* Main.storyboard */,
				0412469622E53A9C00541DD9 /* Assets.xcassets */,
				0412469822E53A9C00541DD9 /* LaunchScreen.storyboard */,
				0412469C22E53A9C00541DD9 /* main.m */,
				0404653022EEDCAD00E3B6B3 /* PrefixHeader.pch */,
			);
			path = SupportFiles;
			sourceTree = "<group>";
		};
		04564D1B22F03DBA0079F3F9 /* Utils */ = {
			isa = PBXGroup;
			children = (
				04564D1C22F03E000079F3F9 /* UIColor+Tool.h */,
				04564D1D22F03E000079F3F9 /* UIColor+Tool.m */,
				04C71EBD2360662800A69F5B /* NSDictionary+Tool.h */,
				04C71EBE2360662800A69F5B /* NSDictionary+Tool.m */,
			);
			path = Utils;
			sourceTree = "<group>";
		};
		04564D2222F05C940079F3F9 /* showModal */ = {
			isa = PBXGroup;
			children = (
				04564D2922F060650079F3F9 /* JSBModalView.h */,
				04564D2A22F060650079F3F9 /* JSBModalView.m */,
				04564D2322F060320079F3F9 /* JSBRequestModalModel.h */,
				04564D2422F060320079F3F9 /* JSBRequestModalModel.m */,
				043CF8BE22F2E16D001D2800 /* JSBBackModalModel.h */,
				043CF8BF22F2E16D001D2800 /* JSBBackModalModel.m */,
			);
			path = showModal;
			sourceTree = "<group>";
		};
		047185E522E88EAA00733391 /* Base */ = {
			isa = PBXGroup;
			children = (
				047185E222E88D6700733391 /* JSBBaseModel.h */,
				047185E322E88D6700733391 /* JSBBaseModel.m */,
				04564D1822F03CA00079F3F9 /* JSBBaseView.h */,
				04564D1922F03CA00079F3F9 /* JSBBaseView.m */,
				04385C1523596FED0004B11E /* JSBDownloadBaseModel.h */,
				04385C1623596FED0004B11E /* JSBDownloadBaseModel.m */,
				D60057EA237967970016CA37 /* JSBBaseModule.h */,
				D60057EB237967970016CA37 /* JSBBaseModule.m */,
			);
			path = Base;
			sourceTree = "<group>";
		};
		218D182B0B8EDEB21F668F3D /* Frameworks */ = {
			isa = PBXGroup;
			children = (
				D6AEDCF222F073E600053729 /* CoreBluetooth.framework */,
				D6AEDCF022F073D900053729 /* CoreLocation.framework */,
				29D6305A6DAA6E98CAD73270 /* libPods-JSBridgeiOS.a */,
			);
			name = Frameworks;
			sourceTree = "<group>";
		};
		D1D073F0E52E786E03A51CFA /* Pods */ = {
			isa = PBXGroup;
			children = (
				41BDD978912E69643F90202C /* Pods-JSBridgeiOS.debug.xcconfig */,
				42514D03A02F8BEB1D5919D7 /* Pods-JSBridgeiOS.release.xcconfig */,
			);
			name = Pods;
			sourceTree = "<group>";
		};
		D6AEDCE822F0709C00053729 /* modules */ = {
			isa = PBXGroup;
			children = (
				04385C092358E14E0004B11E /* downloadModule */,
				04385C03235893A00004B11E /* webviewBack */,
				D6AEDCE922F070DF00053729 /* getSystemInfo */,
				04564D2222F05C940079F3F9 /* showModal */,
			);
			path = modules;
			sourceTree = "<group>";
		};
		D6AEDCE922F070DF00053729 /* getSystemInfo */ = {
			isa = PBXGroup;
			children = (
				D6AEDCEE22F071BC00053729 /* JSBSystemInfoUtil.h */,
				D6AEDCED22F071BC00053729 /* JSBSystemInfoUtil.m */,
				D6AEDCFA22F075A800053729 /* JSBBackSystemInfoModel.h */,
				D6AEDCFB22F075A800053729 /* JSBBackSystemInfoModel.m */,
				D6AEDCFD22F078BC00053729 /* JSBRequestSystemInfoModel.h */,
				D6AEDCFE22F078BC00053729 /* JSBRequestSystemInfoModel.m */,
			);
			path = getSystemInfo;
			sourceTree = "<group>";
		};
/* End PBXGroup section */

/* Begin PBXNativeTarget section */
		0412468922E53A9A00541DD9 /* JSBridgeiOS */ = {
			isa = PBXNativeTarget;
			buildConfigurationList = 041246B622E53A9C00541DD9 /* Build configuration list for PBXNativeTarget "JSBridgeiOS" */;
			buildPhases = (
				92932210798C8618B489B0FA /* [CP] Check Pods Manifest.lock */,
				0412468622E53A9A00541DD9 /* Sources */,
				0412468722E53A9A00541DD9 /* Frameworks */,
				0412468822E53A9A00541DD9 /* Resources */,
			);
			buildRules = (
			);
			dependencies = (
			);
			name = JSBridgeiOS;
			productName = JSBridgeiOS;
			productReference = 0412468A22E53A9A00541DD9 /* JSBridgeiOS.app */;
			productType = "com.apple.product-type.application";
		};
		041246A122E53A9C00541DD9 /* JSBridgeiOSTests */ = {
			isa = PBXNativeTarget;
			buildConfigurationList = 041246B922E53A9C00541DD9 /* Build configuration list for PBXNativeTarget "JSBridgeiOSTests" */;
			buildPhases = (
				0412469E22E53A9C00541DD9 /* Sources */,
				0412469F22E53A9C00541DD9 /* Frameworks */,
				041246A022E53A9C00541DD9 /* Resources */,
			);
			buildRules = (
			);
			dependencies = (
				041246A422E53A9C00541DD9 /* PBXTargetDependency */,
			);
			name = JSBridgeiOSTests;
			productName = JSBridgeiOSTests;
			productReference = 041246A222E53A9C00541DD9 /* JSBridgeiOSTests.xctest */;
			productType = "com.apple.product-type.bundle.unit-test";
		};
		041246AC22E53A9C00541DD9 /* JSBridgeiOSUITests */ = {
			isa = PBXNativeTarget;
			buildConfigurationList = 041246BC22E53A9C00541DD9 /* Build configuration list for PBXNativeTarget "JSBridgeiOSUITests" */;
			buildPhases = (
				041246A922E53A9C00541DD9 /* Sources */,
				041246AA22E53A9C00541DD9 /* Frameworks */,
				041246AB22E53A9C00541DD9 /* Resources */,
			);
			buildRules = (
			);
			dependencies = (
				041246AF22E53A9C00541DD9 /* PBXTargetDependency */,
			);
			name = JSBridgeiOSUITests;
			productName = JSBridgeiOSUITests;
			productReference = 041246AD22E53A9C00541DD9 /* JSBridgeiOSUITests.xctest */;
			productType = "com.apple.product-type.bundle.ui-testing";
		};
/* End PBXNativeTarget section */

/* Begin PBXProject section */
		0412468222E53A9A00541DD9 /* Project object */ = {
			isa = PBXProject;
			attributes = {
				LastUpgradeCheck = 1020;
				ORGANIZATIONNAME = "J&Z";
				TargetAttributes = {
					0412468922E53A9A00541DD9 = {
						CreatedOnToolsVersion = 10.2.1;
					};
					041246A122E53A9C00541DD9 = {
						CreatedOnToolsVersion = 10.2.1;
						TestTargetID = 0412468922E53A9A00541DD9;
					};
					041246AC22E53A9C00541DD9 = {
						CreatedOnToolsVersion = 10.2.1;
						TestTargetID = 0412468922E53A9A00541DD9;
					};
				};
			};
			buildConfigurationList = 0412468522E53A9A00541DD9 /* Build configuration list for PBXProject "JSBridgeiOS" */;
			compatibilityVersion = "Xcode 9.3";
			developmentRegion = en;
			hasScannedForEncodings = 0;
			knownRegions = (
				en,
				Base,
			);
			mainGroup = 0412468122E53A9A00541DD9;
			productRefGroup = 0412468B22E53A9A00541DD9 /* Products */;
			projectDirPath = "";
			projectRoot = "";
			targets = (
				0412468922E53A9A00541DD9 /* JSBridgeiOS */,
				041246A122E53A9C00541DD9 /* JSBridgeiOSTests */,
				041246AC22E53A9C00541DD9 /* JSBridgeiOSUITests */,
			);
		};
/* End PBXProject section */

/* Begin PBXResourcesBuildPhase section */
		0412468822E53A9A00541DD9 /* Resources */ = {
			isa = PBXResourcesBuildPhase;
			buildActionMask = 2147483647;
			files = (
				D60057EE23799E850016CA37 /* ModuleName.plist in Resources */,
				0412469A22E53A9C00541DD9 /* LaunchScreen.storyboard in Resources */,
				04385C0223588D540004B11E /* new-io.html in Resources */,
				0412469722E53A9C00541DD9 /* Assets.xcassets in Resources */,
				0412469522E53A9A00541DD9 /* Main.storyboard in Resources */,
			);
			runOnlyForDeploymentPostprocessing = 0;
		};
		041246A022E53A9C00541DD9 /* Resources */ = {
			isa = PBXResourcesBuildPhase;
			buildActionMask = 2147483647;
			files = (
			);
			runOnlyForDeploymentPostprocessing = 0;
		};
		041246AB22E53A9C00541DD9 /* Resources */ = {
			isa = PBXResourcesBuildPhase;
			buildActionMask = 2147483647;
			files = (
			);
			runOnlyForDeploymentPostprocessing = 0;
		};
/* End PBXResourcesBuildPhase section */

/* Begin PBXShellScriptBuildPhase section */
		92932210798C8618B489B0FA /* [CP] Check Pods Manifest.lock */ = {
			isa = PBXShellScriptBuildPhase;
			buildActionMask = 2147483647;
			files = (
			);
			inputFileListPaths = (
			);
			inputPaths = (
				"${PODS_PODFILE_DIR_PATH}/Podfile.lock",
				"${PODS_ROOT}/Manifest.lock",
			);
			name = "[CP] Check Pods Manifest.lock";
			outputFileListPaths = (
			);
			outputPaths = (
				"$(DERIVED_FILE_DIR)/Pods-JSBridgeiOS-checkManifestLockResult.txt",
			);
			runOnlyForDeploymentPostprocessing = 0;
			shellPath = /bin/sh;
			shellScript = "diff \"${PODS_PODFILE_DIR_PATH}/Podfile.lock\" \"${PODS_ROOT}/Manifest.lock\" > /dev/null\nif [ $? != 0 ] ; then\n    # print error to STDERR\n    echo \"error: The sandbox is not in sync with the Podfile.lock. Run 'pod install' or update your CocoaPods installation.\" >&2\n    exit 1\nfi\n# This output is used by Xcode 'outputs' to avoid re-running this script phase.\necho \"SUCCESS\" > \"${SCRIPT_OUTPUT_FILE_0}\"\n";
			showEnvVarsInLog = 0;
		};
/* End PBXShellScriptBuildPhase section */

/* Begin PBXSourcesBuildPhase section */
		0412468622E53A9A00541DD9 /* Sources */ = {
			isa = PBXSourcesBuildPhase;
			buildActionMask = 2147483647;
			files = (
				04385C07235894200004B11E /* JSBWebviewBackModel.m in Sources */,
				D6AEDCFF22F078BC00053729 /* JSBRequestSystemInfoModel.m in Sources */,
				D60057EC237967970016CA37 /* JSBBaseModule.m in Sources */,
				D6AEDCEF22F071BC00053729 /* JSBSystemInfoUtil.m in Sources */,
				04385C112358E2690004B11E /* JSBDownloadManager.m in Sources */,
				04385C1723596FED0004B11E /* JSBDownloadBaseModel.m in Sources */,
				04564D2122F03F890079F3F9 /* JSBViewController.m in Sources */,
				04385C1D235974190004B11E /* JSBDownloadBackModel.m in Sources */,
				043CF8C022F2E16D001D2800 /* JSBBackModalModel.m in Sources */,
				04C71EBF2360662800A69F5B /* NSDictionary+Tool.m in Sources */,
				04564D2522F060320079F3F9 /* JSBRequestModalModel.m in Sources */,
				04564D2B22F060650079F3F9 /* JSBModalView.m in Sources */,
				D60057E9237964130016CA37 /* JSBModulesFactory.m in Sources */,
				047185E422E88D6700733391 /* JSBBaseModel.m in Sources */,
				04564D1A22F03CA00079F3F9 /* JSBBaseView.m in Sources */,
				0412469D22E53A9C00541DD9 /* main.m in Sources */,
				D6AEDCFC22F075A800053729 /* JSBBackSystemInfoModel.m in Sources */,
				04385C142358E2840004B11E /* JSBDownloadProcessModel.m in Sources */,
				04385C1A235973F80004B11E /* JSBDownloadPlistModel.m in Sources */,
				0412468F22E53A9A00541DD9 /* AppDelegate.m in Sources */,
				04564D1E22F03E000079F3F9 /* UIColor+Tool.m in Sources */,
			);
			runOnlyForDeploymentPostprocessing = 0;
		};
		0412469E22E53A9C00541DD9 /* Sources */ = {
			isa = PBXSourcesBuildPhase;
			buildActionMask = 2147483647;
			files = (
				041246A722E53A9C00541DD9 /* JSBridgeiOSTests.m in Sources */,
			);
			runOnlyForDeploymentPostprocessing = 0;
		};
		041246A922E53A9C00541DD9 /* Sources */ = {
			isa = PBXSourcesBuildPhase;
			buildActionMask = 2147483647;
			files = (
				041246B222E53A9C00541DD9 /* JSBridgeiOSUITests.m in Sources */,
			);
			runOnlyForDeploymentPostprocessing = 0;
		};
/* End PBXSourcesBuildPhase section */

/* Begin PBXTargetDependency section */
		041246A422E53A9C00541DD9 /* PBXTargetDependency */ = {
			isa = PBXTargetDependency;
			target = 0412468922E53A9A00541DD9 /* JSBridgeiOS */;
			targetProxy = 041246A322E53A9C00541DD9 /* PBXContainerItemProxy */;
		};
		041246AF22E53A9C00541DD9 /* PBXTargetDependency */ = {
			isa = PBXTargetDependency;
			target = 0412468922E53A9A00541DD9 /* JSBridgeiOS */;
			targetProxy = 041246AE22E53A9C00541DD9 /* PBXContainerItemProxy */;
		};
/* End PBXTargetDependency section */

/* Begin PBXVariantGroup section */
		0412469322E53A9A00541DD9 /* Main.storyboard */ = {
			isa = PBXVariantGroup;
			children = (
				0412469422E53A9A00541DD9 /* Base */,
			);
			name = Main.storyboard;
			sourceTree = "<group>";
		};
		0412469822E53A9C00541DD9 /* LaunchScreen.storyboard */ = {
			isa = PBXVariantGroup;
			children = (
				0412469922E53A9C00541DD9 /* Base */,
			);
			name = LaunchScreen.storyboard;
			sourceTree = "<group>";
		};
/* End PBXVariantGroup section */

/* Begin XCBuildConfiguration section */
		041246B422E53A9C00541DD9 /* Debug */ = {
			isa = XCBuildConfiguration;
			buildSettings = {
				ALWAYS_SEARCH_USER_PATHS = NO;
				CLANG_ANALYZER_NONNULL = YES;
				CLANG_ANALYZER_NUMBER_OBJECT_CONVERSION = YES_AGGRESSIVE;
				CLANG_CXX_LANGUAGE_STANDARD = "gnu++14";
				CLANG_CXX_LIBRARY = "libc++";
				CLANG_ENABLE_MODULES = YES;
				CLANG_ENABLE_OBJC_ARC = YES;
				CLANG_ENABLE_OBJC_WEAK = YES;
				CLANG_WARN_BLOCK_CAPTURE_AUTORELEASING = YES;
				CLANG_WARN_BOOL_CONVERSION = YES;
				CLANG_WARN_COMMA = YES;
				CLANG_WARN_CONSTANT_CONVERSION = YES;
				CLANG_WARN_DEPRECATED_OBJC_IMPLEMENTATIONS = YES;
				CLANG_WARN_DIRECT_OBJC_ISA_USAGE = YES_ERROR;
				CLANG_WARN_DOCUMENTATION_COMMENTS = YES;
				CLANG_WARN_EMPTY_BODY = YES;
				CLANG_WARN_ENUM_CONVERSION = YES;
				CLANG_WARN_INFINITE_RECURSION = YES;
				CLANG_WARN_INT_CONVERSION = YES;
				CLANG_WARN_NON_LITERAL_NULL_CONVERSION = YES;
				CLANG_WARN_OBJC_IMPLICIT_RETAIN_SELF = YES;
				CLANG_WARN_OBJC_LITERAL_CONVERSION = YES;
				CLANG_WARN_OBJC_ROOT_CLASS = YES_ERROR;
				CLANG_WARN_RANGE_LOOP_ANALYSIS = YES;
				CLANG_WARN_STRICT_PROTOTYPES = YES;
				CLANG_WARN_SUSPICIOUS_MOVE = YES;
				CLANG_WARN_UNGUARDED_AVAILABILITY = YES_AGGRESSIVE;
				CLANG_WARN_UNREACHABLE_CODE = YES;
				CLANG_WARN__DUPLICATE_METHOD_MATCH = YES;
				CODE_SIGN_IDENTITY = "iPhone Developer";
				COPY_PHASE_STRIP = NO;
				DEBUG_INFORMATION_FORMAT = dwarf;
				ENABLE_STRICT_OBJC_MSGSEND = YES;
				ENABLE_TESTABILITY = YES;
				GCC_C_LANGUAGE_STANDARD = gnu11;
				GCC_DYNAMIC_NO_PIC = NO;
				GCC_NO_COMMON_BLOCKS = YES;
				GCC_OPTIMIZATION_LEVEL = 0;
				GCC_PREPROCESSOR_DEFINITIONS = (
					"DEBUG=1",
					"$(inherited)",
				);
				GCC_WARN_64_TO_32_BIT_CONVERSION = YES;
				GCC_WARN_ABOUT_RETURN_TYPE = YES_ERROR;
				GCC_WARN_UNDECLARED_SELECTOR = YES;
				GCC_WARN_UNINITIALIZED_AUTOS = YES_AGGRESSIVE;
				GCC_WARN_UNUSED_FUNCTION = YES;
				GCC_WARN_UNUSED_VARIABLE = YES;
				IPHONEOS_DEPLOYMENT_TARGET = 12.2;
				MTL_ENABLE_DEBUG_INFO = INCLUDE_SOURCE;
				MTL_FAST_MATH = YES;
				ONLY_ACTIVE_ARCH = YES;
				SDKROOT = iphoneos;
			};
			name = Debug;
		};
		041246B522E53A9C00541DD9 /* Release */ = {
			isa = XCBuildConfiguration;
			buildSettings = {
				ALWAYS_SEARCH_USER_PATHS = NO;
				CLANG_ANALYZER_NONNULL = YES;
				CLANG_ANALYZER_NUMBER_OBJECT_CONVERSION = YES_AGGRESSIVE;
				CLANG_CXX_LANGUAGE_STANDARD = "gnu++14";
				CLANG_CXX_LIBRARY = "libc++";
				CLANG_ENABLE_MODULES = YES;
				CLANG_ENABLE_OBJC_ARC = YES;
				CLANG_ENABLE_OBJC_WEAK = YES;
				CLANG_WARN_BLOCK_CAPTURE_AUTORELEASING = YES;
				CLANG_WARN_BOOL_CONVERSION = YES;
				CLANG_WARN_COMMA = YES;
				CLANG_WARN_CONSTANT_CONVERSION = YES;
				CLANG_WARN_DEPRECATED_OBJC_IMPLEMENTATIONS = YES;
				CLANG_WARN_DIRECT_OBJC_ISA_USAGE = YES_ERROR;
				CLANG_WARN_DOCUMENTATION_COMMENTS = YES;
				CLANG_WARN_EMPTY_BODY = YES;
				CLANG_WARN_ENUM_CONVERSION = YES;
				CLANG_WARN_INFINITE_RECURSION = YES;
				CLANG_WARN_INT_CONVERSION = YES;
				CLANG_WARN_NON_LITERAL_NULL_CONVERSION = YES;
				CLANG_WARN_OBJC_IMPLICIT_RETAIN_SELF = YES;
				CLANG_WARN_OBJC_LITERAL_CONVERSION = YES;
				CLANG_WARN_OBJC_ROOT_CLASS = YES_ERROR;
				CLANG_WARN_RANGE_LOOP_ANALYSIS = YES;
				CLANG_WARN_STRICT_PROTOTYPES = YES;
				CLANG_WARN_SUSPICIOUS_MOVE = YES;
				CLANG_WARN_UNGUARDED_AVAILABILITY = YES_AGGRESSIVE;
				CLANG_WARN_UNREACHABLE_CODE = YES;
				CLANG_WARN__DUPLICATE_METHOD_MATCH = YES;
				CODE_SIGN_IDENTITY = "iPhone Developer";
				COPY_PHASE_STRIP = NO;
				DEBUG_INFORMATION_FORMAT = "dwarf-with-dsym";
				ENABLE_NS_ASSERTIONS = NO;
				ENABLE_STRICT_OBJC_MSGSEND = YES;
				GCC_C_LANGUAGE_STANDARD = gnu11;
				GCC_NO_COMMON_BLOCKS = YES;
				GCC_WARN_64_TO_32_BIT_CONVERSION = YES;
				GCC_WARN_ABOUT_RETURN_TYPE = YES_ERROR;
				GCC_WARN_UNDECLARED_SELECTOR = YES;
				GCC_WARN_UNINITIALIZED_AUTOS = YES_AGGRESSIVE;
				GCC_WARN_UNUSED_FUNCTION = YES;
				GCC_WARN_UNUSED_VARIABLE = YES;
				IPHONEOS_DEPLOYMENT_TARGET = 12.2;
				MTL_ENABLE_DEBUG_INFO = NO;
				MTL_FAST_MATH = YES;
				SDKROOT = iphoneos;
				VALIDATE_PRODUCT = YES;
			};
			name = Release;
		};
		041246B722E53A9C00541DD9 /* Debug */ = {
			isa = XCBuildConfiguration;
			baseConfigurationReference = 41BDD978912E69643F90202C /* Pods-JSBridgeiOS.debug.xcconfig */;
			buildSettings = {
				ASSETCATALOG_COMPILER_APPICON_NAME = AppIcon;
				CODE_SIGN_STYLE = Automatic;
				DEVELOPMENT_TEAM = 94Q433PSKZ;
				GCC_PREFIX_HEADER = "$(SRCROOT)/JSBridgeiOS/SupportFiles/PrefixHeader.pch";
				INFOPLIST_FILE = JSBridgeiOS/Info.plist;
				LD_RUNPATH_SEARCH_PATHS = (
					"$(inherited)",
					"@executable_path/Frameworks",
				);
				PRODUCT_BUNDLE_IDENTIFIER = "J-Z.JSBridgeiOS";
				PRODUCT_NAME = "$(TARGET_NAME)";
				TARGETED_DEVICE_FAMILY = "1,2";
			};
			name = Debug;
		};
		041246B822E53A9C00541DD9 /* Release */ = {
			isa = XCBuildConfiguration;
			baseConfigurationReference = 42514D03A02F8BEB1D5919D7 /* Pods-JSBridgeiOS.release.xcconfig */;
			buildSettings = {
				ASSETCATALOG_COMPILER_APPICON_NAME = AppIcon;
				CODE_SIGN_STYLE = Automatic;
				DEVELOPMENT_TEAM = 94Q433PSKZ;
				GCC_PREFIX_HEADER = "$(SRCROOT)/JSBridgeiOS/SupportFiles/PrefixHeader.pch";
				INFOPLIST_FILE = JSBridgeiOS/Info.plist;
				LD_RUNPATH_SEARCH_PATHS = (
					"$(inherited)",
					"@executable_path/Frameworks",
				);
				PRODUCT_BUNDLE_IDENTIFIER = "J-Z.JSBridgeiOS";
				PRODUCT_NAME = "$(TARGET_NAME)";
				TARGETED_DEVICE_FAMILY = "1,2";
			};
			name = Release;
		};
		041246BA22E53A9C00541DD9 /* Debug */ = {
			isa = XCBuildConfiguration;
			buildSettings = {
				BUNDLE_LOADER = "$(TEST_HOST)";
				CODE_SIGN_STYLE = Automatic;
				DEVELOPMENT_TEAM = 94Q433PSKZ;
				INFOPLIST_FILE = JSBridgeiOSTests/Info.plist;
				LD_RUNPATH_SEARCH_PATHS = (
					"$(inherited)",
					"@executable_path/Frameworks",
					"@loader_path/Frameworks",
				);
				PRODUCT_BUNDLE_IDENTIFIER = "J-Z.JSBridgeiOSTests";
				PRODUCT_NAME = "$(TARGET_NAME)";
				TARGETED_DEVICE_FAMILY = "1,2";
				TEST_HOST = "$(BUILT_PRODUCTS_DIR)/JSBridgeiOS.app/JSBridgeiOS";
			};
			name = Debug;
		};
		041246BB22E53A9C00541DD9 /* Release */ = {
			isa = XCBuildConfiguration;
			buildSettings = {
				BUNDLE_LOADER = "$(TEST_HOST)";
				CODE_SIGN_STYLE = Automatic;
				DEVELOPMENT_TEAM = 94Q433PSKZ;
				INFOPLIST_FILE = JSBridgeiOSTests/Info.plist;
				LD_RUNPATH_SEARCH_PATHS = (
					"$(inherited)",
					"@executable_path/Frameworks",
					"@loader_path/Frameworks",
				);
				PRODUCT_BUNDLE_IDENTIFIER = "J-Z.JSBridgeiOSTests";
				PRODUCT_NAME = "$(TARGET_NAME)";
				TARGETED_DEVICE_FAMILY = "1,2";
				TEST_HOST = "$(BUILT_PRODUCTS_DIR)/JSBridgeiOS.app/JSBridgeiOS";
			};
			name = Release;
		};
		041246BD22E53A9C00541DD9 /* Debug */ = {
			isa = XCBuildConfiguration;
			buildSettings = {
				CODE_SIGN_STYLE = Automatic;
				DEVELOPMENT_TEAM = 94Q433PSKZ;
				INFOPLIST_FILE = JSBridgeiOSUITests/Info.plist;
				LD_RUNPATH_SEARCH_PATHS = (
					"$(inherited)",
					"@executable_path/Frameworks",
					"@loader_path/Frameworks",
				);
				PRODUCT_BUNDLE_IDENTIFIER = "J-Z.JSBridgeiOSUITests";
				PRODUCT_NAME = "$(TARGET_NAME)";
				TARGETED_DEVICE_FAMILY = "1,2";
				TEST_TARGET_NAME = JSBridgeiOS;
			};
			name = Debug;
		};
		041246BE22E53A9C00541DD9 /* Release */ = {
			isa = XCBuildConfiguration;
			buildSettings = {
				CODE_SIGN_STYLE = Automatic;
				DEVELOPMENT_TEAM = 94Q433PSKZ;
				INFOPLIST_FILE = JSBridgeiOSUITests/Info.plist;
				LD_RUNPATH_SEARCH_PATHS = (
					"$(inherited)",
					"@executable_path/Frameworks",
					"@loader_path/Frameworks",
				);
				PRODUCT_BUNDLE_IDENTIFIER = "J-Z.JSBridgeiOSUITests";
				PRODUCT_NAME = "$(TARGET_NAME)";
				TARGETED_DEVICE_FAMILY = "1,2";
				TEST_TARGET_NAME = JSBridgeiOS;
			};
			name = Release;
		};
/* End XCBuildConfiguration section */

/* Begin XCConfigurationList section */
		0412468522E53A9A00541DD9 /* Build configuration list for PBXProject "JSBridgeiOS" */ = {
			isa = XCConfigurationList;
			buildConfigurations = (
				041246B422E53A9C00541DD9 /* Debug */,
				041246B522E53A9C00541DD9 /* Release */,
			);
			defaultConfigurationIsVisible = 0;
			defaultConfigurationName = Release;
		};
		041246B622E53A9C00541DD9 /* Build configuration list for PBXNativeTarget "JSBridgeiOS" */ = {
			isa = XCConfigurationList;
			buildConfigurations = (
				041246B722E53A9C00541DD9 /* Debug */,
				041246B822E53A9C00541DD9 /* Release */,
			);
			defaultConfigurationIsVisible = 0;
			defaultConfigurationName = Release;
		};
		041246B922E53A9C00541DD9 /* Build configuration list for PBXNativeTarget "JSBridgeiOSTests" */ = {
			isa = XCConfigurationList;
			buildConfigurations = (
				041246BA22E53A9C00541DD9 /* Debug */,
				041246BB22E53A9C00541DD9 /* Release */,
			);
			defaultConfigurationIsVisible = 0;
			defaultConfigurationName = Release;
		};
		041246BC22E53A9C00541DD9 /* Build configuration list for PBXNativeTarget "JSBridgeiOSUITests" */ = {
			isa = XCConfigurationList;
			buildConfigurations = (
				041246BD22E53A9C00541DD9 /* Debug */,
				041246BE22E53A9C00541DD9 /* Release */,
			);
			defaultConfigurationIsVisible = 0;
			defaultConfigurationName = Release;
		};
/* End XCConfigurationList section */
	};
	rootObject = 0412468222E53A9A00541DD9 /* Project object */;
}
